
Microsoft Visual Studio Solution File, Format Version 12.00
# Visual Studio Version 17
VisualStudioVersion = 17.5.002.0
MinimumVisualStudioVersion = 10.0.40219.1
Project("{9A19103F-16F7-4668-BE54-9A1E7A4F7556}") = "ProducerFanoutExchange", "ProducerFanoutExchange.csproj", "{08C9D32F-CD43-4587-B7E2-1D315059EC7F}"
EndProject
Global
	GlobalSection(SolutionConfigurationPlatforms) = preSolution
		Debug|Any CPU = Debug|Any CPU
		Release|Any CPU = Release|Any CPU
	EndGlobalSection
	GlobalSection(ProjectConfigurationPlatforms) = postSolution
		{08C9D32F-CD43-4587-B7E2-1D315059EC7F}.Debug|Any CPU.ActiveCfg = Debug|Any CPU
		{08C9D32F-CD43-4587-B7E2-1D315059EC7F}.Debug|Any CPU.Build.0 = Debug|Any CPU
		{08C9D32F-CD43-4587-B7E2-1D315059EC7F}.Release|Any CPU.ActiveCfg = Release|Any CPU
		{08C9D32F-CD43-4587-B7E2-1D315059EC7F}.Release|Any CPU.Build.0 = Release|Any CPU
	EndGlobalSection
	GlobalSection(SolutionProperties) = preSolution
		HideSolutionNode = FALSE
	EndGlobalSection
	GlobalSection(ExtensibilityGlobals) = postSolution
		SolutionGuid = {3F14899C-A475-4AA2-BC0E-D9015F85C23B}
	EndGlobalSection
EndGlobal
